
Microsoft Visual Studio Solution File, Format Version 12.00
# Visual Studio 15
VisualStudioVersion = 15.0.26124.0
MinimumVisualStudioVersion = 15.0.26124.0
Project("{FAE04EC0-301F-11D3-BF4B-00C04F79EFBC}") = "API", "API\API.csproj", "{F74523FB-DBF9-46C2-8610-8F54DFBA5728}"
EndProject
Project("{FAE04EC0-301F-11D3-BF4B-00C04F79EFBC}") = "Application", "Application\Application.csproj", "{4D33E1ED-4A41-4002-B730-692E866D934D}"
EndProject
Project("{FAE04EC0-301F-11D3-BF4B-00C04F79EFBC}") = "Domain", "Domain\Domain.csproj", "{7B353E1D-6D86-4DF8-B890-2D3DD687EDB8}"
EndProject
Project("{FAE04EC0-301F-11D3-BF4B-00C04F79EFBC}") = "Persistence", "Persistence\Persistence.csproj", "{2C66EC0E-2846-4601-B26C-E3663BB1239A}"
EndProject
Global
	GlobalSection(SolutionConfigurationPlatforms) = preSolution
		Debug|Any CPU = Debug|Any CPU
		Debug|x64 = Debug|x64
		Debug|x86 = Debug|x86
		Release|Any CPU = Release|Any CPU
		Release|x64 = Release|x64
		Release|x86 = Release|x86
	EndGlobalSection
	GlobalSection(SolutionProperties) = preSolution
		HideSolutionNode = FALSE
	EndGlobalSection
	GlobalSection(ProjectConfigurationPlatforms) = postSolution
		{F74523FB-DBF9-46C2-8610-8F54DFBA5728}.Debug|Any CPU.ActiveCfg = Debug|Any CPU
		{F74523FB-DBF9-46C2-8610-8F54DFBA5728}.Debug|Any CPU.Build.0 = Debug|Any CPU
		{F74523FB-DBF9-46C2-8610-8F54DFBA5728}.Debug|x64.ActiveCfg = Debug|Any CPU
		{F74523FB-DBF9-46C2-8610-8F54DFBA5728}.Debug|x64.Build.0 = Debug|Any CPU
		{F74523FB-DBF9-46C2-8610-8F54DFBA5728}.Debug|x86.ActiveCfg = Debug|Any CPU
		{F74523FB-DBF9-46C2-8610-8F54DFBA5728}.Debug|x86.Build.0 = Debug|Any CPU
		{F74523FB-DBF9-46C2-8610-8F54DFBA5728}.Release|Any CPU.ActiveCfg = Release|Any CPU
		{F74523FB-DBF9-46C2-8610-8F54DFBA5728}.Release|Any CPU.Build.0 = Release|Any CPU
		{F74523FB-DBF9-46C2-8610-8F54DFBA5728}.Release|x64.ActiveCfg = Release|Any CPU
		{F74523FB-DBF9-46C2-8610-8F54DFBA5728}.Release|x64.Build.0 = Release|Any CPU
		{F74523FB-DBF9-46C2-8610-8F54DFBA5728}.Release|x86.ActiveCfg = Release|Any CPU
		{F74523FB-DBF9-46C2-8610-8F54DFBA5728}.Release|x86.Build.0 = Release|Any CPU
		{4D33E1ED-4A41-4002-B730-692E866D934D}.Debug|Any CPU.ActiveCfg = Debug|Any CPU
		{4D33E1ED-4A41-4002-B730-692E866D934D}.Debug|Any CPU.Build.0 = Debug|Any CPU
		{4D33E1ED-4A41-4002-B730-692E866D934D}.Debug|x64.ActiveCfg = Debug|Any CPU
		{4D33E1ED-4A41-4002-B730-692E866D934D}.Debug|x64.Build.0 = Debug|Any CPU
		{4D33E1ED-4A41-4002-B730-692E866D934D}.Debug|x86.ActiveCfg = Debug|Any CPU
		{4D33E1ED-4A41-4002-B730-692E866D934D}.Debug|x86.Build.0 = Debug|Any CPU
		{4D33E1ED-4A41-4002-B730-692E866D934D}.Release|Any CPU.ActiveCfg = Release|Any CPU
		{4D33E1ED-4A41-4002-B730-692E866D934D}.Release|Any CPU.Build.0 = Release|Any CPU
		{4D33E1ED-4A41-4002-B730-692E866D934D}.Release|x64.ActiveCfg = Release|Any CPU
		{4D33E1ED-4A41-4002-B730-692E866D934D}.Release|x64.Build.0 = Release|Any CPU
		{4D33E1ED-4A41-4002-B730-692E866D934D}.Release|x86.ActiveCfg = Release|Any CPU
		{4D33E1ED-4A41-4002-B730-692E866D934D}.Release|x86.Build.0 = Release|Any CPU
		{7B353E1D-6D86-4DF8-B890-2D3DD687EDB8}.Debug|Any CPU.ActiveCfg = Debug|Any CPU
		{7B353E1D-6D86-4DF8-B890-2D3DD687EDB8}.Debug|Any CPU.Build.0 = Debug|Any CPU
		{7B353E1D-6D86-4DF8-B890-2D3DD687EDB8}.Debug|x64.ActiveCfg = Debug|Any CPU
		{7B353E1D-6D86-4DF8-B890-2D3DD687EDB8}.Debug|x64.Build.0 = Debug|Any CPU
		{7B353E1D-6D86-4DF8-B890-2D3DD687EDB8}.Debug|x86.ActiveCfg = Debug|Any CPU
		{7B353E1D-6D86-4DF8-B890-2D3DD687EDB8}.Debug|x86.Build.0 = Debug|Any CPU
		{7B353E1D-6D86-4DF8-B890-2D3DD687EDB8}.Release|Any CPU.ActiveCfg = Release|Any CPU
		{7B353E1D-6D86-4DF8-B890-2D3DD687EDB8}.Release|Any CPU.Build.0 = Release|Any CPU
		{7B353E1D-6D86-4DF8-B890-2D3DD687EDB8}.Release|x64.ActiveCfg = Release|Any CPU
		{7B353E1D-6D86-4DF8-B890-2D3DD687EDB8}.Release|x64.Build.0 = Release|Any CPU
		{7B353E1D-6D86-4DF8-B890-2D3DD687EDB8}.Release|x86.ActiveCfg = Release|Any CPU
		{7B353E1D-6D86-4DF8-B890-2D3DD687EDB8}.Release|x86.Build.0 = Release|Any CPU
		{2C66EC0E-2846-4601-B26C-E3663BB1239A}.Debug|Any CPU.ActiveCfg = Debug|Any CPU
		{2C66EC0E-2846-4601-B26C-E3663BB1239A}.Debug|Any CPU.Build.0 = Debug|Any CPU
		{2C66EC0E-2846-4601-B26C-E3663BB1239A}.Debug|x64.ActiveCfg = Debug|Any CPU
		{2C66EC0E-2846-4601-B26C-E3663BB1239A}.Debug|x64.Build.0 = Debug|Any CPU
		{2C66EC0E-2846-4601-B26C-E3663BB1239A}.Debug|x86.ActiveCfg = Debug|Any CPU
		{2C66EC0E-2846-4601-B26C-E3663BB1239A}.Debug|x86.Build.0 = Debug|Any CPU
		{2C66EC0E-2846-4601-B26C-E3663BB1239A}.Release|Any CPU.ActiveCfg = Release|Any CPU
		{2C66EC0E-2846-4601-B26C-E3663BB1239A}.Release|Any CPU.Build.0 = Release|Any CPU
		{2C66EC0E-2846-4601-B26C-E3663BB1239A}.Release|x64.ActiveCfg = Release|Any CPU
		{2C66EC0E-2846-4601-B26C-E3663BB1239A}.Release|x64.Build.0 = Release|Any CPU
		{2C66EC0E-2846-4601-B26C-E3663BB1239A}.Release|x86.ActiveCfg = Release|Any CPU
		{2C66EC0E-2846-4601-B26C-E3663BB1239A}.Release|x86.Build.0 = Release|Any CPU
	EndGlobalSection
EndGlobal
